
Microsoft Visual Studio Solution File, Format Version 12.00
# Visual Studio Version 17
VisualStudioVersion = 17.7.34024.191
MinimumVisualStudioVersion = 10.0.40219.1
Project("{FAE04EC0-301F-11D3-BF4B-00C04F79EFBC}") = "CustomTypes", "CustomTypes\CustomTypes.csproj", "{30BA685A-EC72-43AB-B9EA-831A753E3575}"
EndProject
Global
	GlobalSection(SolutionConfigurationPlatforms) = preSolution
		Debug|Any CPU = Debug|Any CPU
		Release|Any CPU = Release|Any CPU
	EndGlobalSection
	GlobalSection(ProjectConfigurationPlatforms) = postSolution
		{30BA685A-EC72-43AB-B9EA-831A753E3575}.Debug|Any CPU.ActiveCfg = Debug|Any CPU
		{30BA685A-EC72-43AB-B9EA-831A753E3575}.Debug|Any CPU.Build.0 = Debug|Any CPU
		{30BA685A-EC72-43AB-B9EA-831A753E3575}.Release|Any CPU.ActiveCfg = Release|Any CPU
		{30BA685A-EC72-43AB-B9EA-831A753E3575}.Release|Any CPU.Build.0 = Release|Any CPU
	EndGlobalSection
	GlobalSection(SolutionProperties) = preSolution
		HideSolutionNode = FALSE
	EndGlobalSection
	GlobalSection(ExtensibilityGlobals) = postSolution
		SolutionGuid = {0C6ADEAE-C011-41A9-9953-C4CD6E728A25}
	EndGlobalSection
EndGlobal
